
Microsoft Visual Studio Solution File, Format Version 12.00
# Visual Studio Version 16
VisualStudioVersion = 16.0.30503.244
MinimumVisualStudioVersion = 10.0.40219.1
Project("{FAE04EC0-301F-11D3-BF4B-00C04F79EFBC}") = "FractalDraw", "FractalDraw\FractalDraw.csproj", "{8E33F912-0EAD-48AC-8F08-A6D2D64F2B42}"
EndProject
Global
	GlobalSection(SolutionConfigurationPlatforms) = preSolution
		Debug|Any CPU = Debug|Any CPU
		Release|Any CPU = Release|Any CPU
	EndGlobalSection
	GlobalSection(ProjectConfigurationPlatforms) = postSolution
		{8E33F912-0EAD-48AC-8F08-A6D2D64F2B42}.Debug|Any CPU.ActiveCfg = Debug|Any CPU
		{8E33F912-0EAD-48AC-8F08-A6D2D64F2B42}.Debug|Any CPU.Build.0 = Debug|Any CPU
		{8E33F912-0EAD-48AC-8F08-A6D2D64F2B42}.Release|Any CPU.ActiveCfg = Release|Any CPU
		{8E33F912-0EAD-48AC-8F08-A6D2D64F2B42}.Release|Any CPU.Build.0 = Release|Any CPU
	EndGlobalSection
	GlobalSection(SolutionProperties) = preSolution
		HideSolutionNode = FALSE
	EndGlobalSection
	GlobalSection(ExtensibilityGlobals) = postSolution
		SolutionGuid = {573AF59E-B4FE-4458-B6A5-36C3E5238842}
	EndGlobalSection
EndGlobal
